
Microsoft Visual Studio Solution File, Format Version 12.00
# Visual Studio 15
VisualStudioVersion = 15.0.27703.2026
MinimumVisualStudioVersion = 10.0.40219.1
Project("{FAE04EC0-301F-11D3-BF4B-00C04F79EFBC}") = "TeacherApp", "TeacherApp\TeacherApp.csproj", "{65523449-ACE9-476E-808C-D0D277F3E968}"
EndProject
Global
	GlobalSection(SolutionConfigurationPlatforms) = preSolution
		Debug|Any CPU = Debug|Any CPU
		Release|Any CPU = Release|Any CPU
	EndGlobalSection
	GlobalSection(ProjectConfigurationPlatforms) = postSolution
		{65523449-ACE9-476E-808C-D0D277F3E968}.Debug|Any CPU.ActiveCfg = Debug|Any CPU
		{65523449-ACE9-476E-808C-D0D277F3E968}.Debug|Any CPU.Build.0 = Debug|Any CPU
		{65523449-ACE9-476E-808C-D0D277F3E968}.Release|Any CPU.ActiveCfg = Release|Any CPU
		{65523449-ACE9-476E-808C-D0D277F3E968}.Release|Any CPU.Build.0 = Release|Any CPU
	EndGlobalSection
	GlobalSection(SolutionProperties) = preSolution
		HideSolutionNode = FALSE
	EndGlobalSection
	GlobalSection(ExtensibilityGlobals) = postSolution
		SolutionGuid = {5090119E-F8B3-44DB-876B-627AE1FE10C8}
	EndGlobalSection
EndGlobal
